
Microsoft Visual Studio Solution File, Format Version 12.00
# Visual Studio 15
VisualStudioVersion = 15.0.27703.2000
MinimumVisualStudioVersion = 10.0.40219.1
Project("{888888A0-9F3D-457C-B088-3A5042F75D52}") = "Yugioh", "Yugioh\Yugioh.pyproj", "{D683E6F7-BE58-4A26-8DF1-489D266573D2}"
EndProject
Global
	GlobalSection(SolutionConfigurationPlatforms) = preSolution
		Debug|Any CPU = Debug|Any CPU
		Release|Any CPU = Release|Any CPU
	EndGlobalSection
	GlobalSection(ProjectConfigurationPlatforms) = postSolution
		{D683E6F7-BE58-4A26-8DF1-489D266573D2}.Debug|Any CPU.ActiveCfg = Debug|Any CPU
		{D683E6F7-BE58-4A26-8DF1-489D266573D2}.Release|Any CPU.ActiveCfg = Release|Any CPU
	EndGlobalSection
	GlobalSection(SolutionProperties) = preSolution
		HideSolutionNode = FALSE
	EndGlobalSection
	GlobalSection(ExtensibilityGlobals) = postSolution
		SolutionGuid = {771627CD-4EDF-48DD-8C26-2263D6A38478}
	EndGlobalSection
EndGlobal
